
Microsoft Visual Studio Solution File, Format Version 12.00
# Visual Studio 15
VisualStudioVersion = 15.0.28307.329
MinimumVisualStudioVersion = 10.0.40219.1
Project("{FAE04EC0-301F-11D3-BF4B-00C04F79EFBC}") = "RefactoringANDTests", "RefactoringANDTests\RefactoringANDTests.csproj", "{3EE31215-3937-4FB4-8991-C7AB26951851}"
EndProject
Project("{FAE04EC0-301F-11D3-BF4B-00C04F79EFBC}") = "RefactoringANDTestsTests", "RefactoringANDTestsTests\RefactoringANDTestsTests.csproj", "{E1CADB0C-089B-48B2-9AC1-C0315F809382}"
EndProject
Global
	GlobalSection(SolutionConfigurationPlatforms) = preSolution
		Debug|Any CPU = Debug|Any CPU
		Release|Any CPU = Release|Any CPU
	EndGlobalSection
	GlobalSection(ProjectConfigurationPlatforms) = postSolution
		{3EE31215-3937-4FB4-8991-C7AB26951851}.Debug|Any CPU.ActiveCfg = Debug|Any CPU
		{3EE31215-3937-4FB4-8991-C7AB26951851}.Debug|Any CPU.Build.0 = Debug|Any CPU
		{3EE31215-3937-4FB4-8991-C7AB26951851}.Release|Any CPU.ActiveCfg = Release|Any CPU
		{3EE31215-3937-4FB4-8991-C7AB26951851}.Release|Any CPU.Build.0 = Release|Any CPU
		{E1CADB0C-089B-48B2-9AC1-C0315F809382}.Debug|Any CPU.ActiveCfg = Debug|Any CPU
		{E1CADB0C-089B-48B2-9AC1-C0315F809382}.Debug|Any CPU.Build.0 = Debug|Any CPU
		{E1CADB0C-089B-48B2-9AC1-C0315F809382}.Release|Any CPU.ActiveCfg = Release|Any CPU
		{E1CADB0C-089B-48B2-9AC1-C0315F809382}.Release|Any CPU.Build.0 = Release|Any CPU
	EndGlobalSection
	GlobalSection(SolutionProperties) = preSolution
		HideSolutionNode = FALSE
	EndGlobalSection
	GlobalSection(ExtensibilityGlobals) = postSolution
		SolutionGuid = {8BD45F77-616B-4840-87F9-4C6DA79A2D9E}
	EndGlobalSection
EndGlobal
